
Microsoft Visual Studio Solution File, Format Version 12.00
# Visual Studio Version 16
VisualStudioVersion = 16.0.30717.126
MinimumVisualStudioVersion = 10.0.40219.1
Project("{FAE04EC0-301F-11D3-BF4B-00C04F79EFBC}") = "monitor", "monitor\monitor.csproj", "{58B76FB4-EF79-4529-912E-557419757B68}"
EndProject
Global
	GlobalSection(SolutionConfigurationPlatforms) = preSolution
		Debug|Any CPU = Debug|Any CPU
		Release|Any CPU = Release|Any CPU
	EndGlobalSection
	GlobalSection(ProjectConfigurationPlatforms) = postSolution
		{58B76FB4-EF79-4529-912E-557419757B68}.Debug|Any CPU.ActiveCfg = Debug|Any CPU
		{58B76FB4-EF79-4529-912E-557419757B68}.Debug|Any CPU.Build.0 = Debug|Any CPU
		{58B76FB4-EF79-4529-912E-557419757B68}.Release|Any CPU.ActiveCfg = Release|Any CPU
		{58B76FB4-EF79-4529-912E-557419757B68}.Release|Any CPU.Build.0 = Release|Any CPU
	EndGlobalSection
	GlobalSection(SolutionProperties) = preSolution
		HideSolutionNode = FALSE
	EndGlobalSection
	GlobalSection(ExtensibilityGlobals) = postSolution
		SolutionGuid = {5E01FBF1-8E6E-47E6-A9D7-C4A70123B38C}
	EndGlobalSection
EndGlobal
